
Microsoft Visual Studio Solution File, Format Version 12.00
# Visual Studio 2012
Project("{F2A71F9B-5D33-465A-A702-920D77279786}") = "VsTemplar", "src\VsTemplar.fsproj", "{F496D7E3-BC0F-449F-B3B7-9F1B73278C87}"
EndProject
Project("{2150E333-8FDC-42A3-9474-1A3956D46DE8}") = "Solution Items", "Solution Items", "{C837A994-D6D3-4C1A-8313-6D419593EF7D}"
	ProjectSection(SolutionItems) = preProject
		build.fsx = build.fsx
	EndProjectSection
EndProject
Project("{2150E333-8FDC-42A3-9474-1A3956D46DE8}") = "src", "src", "{825C49F8-2A66-472F-B0FA-AEFCCF60652E}"
EndProject
Project("{2150E333-8FDC-42A3-9474-1A3956D46DE8}") = "tests", "tests", "{D7D3ED08-6007-4291-B5C3-CBA9E4D65822}"
EndProject
Global
	GlobalSection(SolutionConfigurationPlatforms) = preSolution
		Debug|Any CPU = Debug|Any CPU
		Release|Any CPU = Release|Any CPU
	EndGlobalSection
	GlobalSection(ProjectConfigurationPlatforms) = postSolution
		{F496D7E3-BC0F-449F-B3B7-9F1B73278C87}.Debug|Any CPU.ActiveCfg = Debug|Any CPU
		{F496D7E3-BC0F-449F-B3B7-9F1B73278C87}.Debug|Any CPU.Build.0 = Debug|Any CPU
		{F496D7E3-BC0F-449F-B3B7-9F1B73278C87}.Release|Any CPU.ActiveCfg = Release|Any CPU
		{F496D7E3-BC0F-449F-B3B7-9F1B73278C87}.Release|Any CPU.Build.0 = Release|Any CPU
	EndGlobalSection
	GlobalSection(SolutionProperties) = preSolution
		HideSolutionNode = FALSE
	EndGlobalSection
	GlobalSection(NestedProjects) = preSolution
		{F496D7E3-BC0F-449F-B3B7-9F1B73278C87} = {825C49F8-2A66-472F-B0FA-AEFCCF60652E}
	EndGlobalSection
EndGlobal
