
Microsoft Visual Studio Solution File, Format Version 12.00
# Visual Studio 2012
Project("{F2A71F9B-5D33-465A-A702-920D77279786}") = "VsTemplar", "src\VsTemplar.fsproj", "{F496D7E3-BC0F-449F-B3B7-9F1B73278C87}"
EndProject
Global
	GlobalSection(SolutionConfigurationPlatforms) = preSolution
		Debug|Any CPU = Debug|Any CPU
		Release|Any CPU = Release|Any CPU
	EndGlobalSection
	GlobalSection(ProjectConfigurationPlatforms) = postSolution
		{F496D7E3-BC0F-449F-B3B7-9F1B73278C87}.Debug|Any CPU.ActiveCfg = Debug|Any CPU
		{F496D7E3-BC0F-449F-B3B7-9F1B73278C87}.Debug|Any CPU.Build.0 = Debug|Any CPU
		{F496D7E3-BC0F-449F-B3B7-9F1B73278C87}.Release|Any CPU.ActiveCfg = Release|Any CPU
		{F496D7E3-BC0F-449F-B3B7-9F1B73278C87}.Release|Any CPU.Build.0 = Release|Any CPU
	EndGlobalSection
	GlobalSection(SolutionProperties) = preSolution
		HideSolutionNode = FALSE
	EndGlobalSection
EndGlobal
